// !$*UTF8*$!
{
	archiveVersion = 1;
	classes = {
	};
	objectVersion = 56;
	objects = {

/* Begin PBXBuildFile section */
		6775BAC32A94516E00F3A9A3 /* BadgeSymbol.swift in Sources */ = {isa = PBXBuildFile; fileRef = 6775BAC22A94516E00F3A9A3 /* BadgeSymbol.swift */; };
		6775BAC52A9452B400F3A9A3 /* RotatedBadgeSymbol.swift in Sources */ = {isa = PBXBuildFile; fileRef = 6775BAC42A9452B400F3A9A3 /* RotatedBadgeSymbol.swift */; };
		6775BAC82A94531500F3A9A3 /* Badge.swift in Sources */ = {isa = PBXBuildFile; fileRef = 6775BAC72A94531500F3A9A3 /* Badge.swift */; };
		6775BACB2A9560B300F3A9A3 /* hikeData.json in Resources */ = {isa = PBXBuildFile; fileRef = 6775BACA2A9560B200F3A9A3 /* hikeData.json */; };
		6775BACD2A9560D700F3A9A3 /* Hike.swift in Sources */ = {isa = PBXBuildFile; fileRef = 6775BACC2A9560D700F3A9A3 /* Hike.swift */; };
		6775BAD32A95623E00F3A9A3 /* GraphCapsule.swift in Sources */ = {isa = PBXBuildFile; fileRef = 6775BACF2A95623E00F3A9A3 /* GraphCapsule.swift */; };
		6775BAD42A95623E00F3A9A3 /* HikeGraph.swift in Sources */ = {isa = PBXBuildFile; fileRef = 6775BAD02A95623E00F3A9A3 /* HikeGraph.swift */; };
		6775BAD52A95623E00F3A9A3 /* HikeDetail.swift in Sources */ = {isa = PBXBuildFile; fileRef = 6775BAD12A95623E00F3A9A3 /* HikeDetail.swift */; };
		6775BAD62A95623E00F3A9A3 /* HikeView.swift in Sources */ = {isa = PBXBuildFile; fileRef = 6775BAD22A95623E00F3A9A3 /* HikeView.swift */; };
		6787F9F82A8B594F00B0F3D2 /* FavoriteButton.swift in Sources */ = {isa = PBXBuildFile; fileRef = 6787F9F72A8B594F00B0F3D2 /* FavoriteButton.swift */; };
		6787F9FC2A8D38A000B0F3D2 /* HexagonParameters.swift in Sources */ = {isa = PBXBuildFile; fileRef = 6787F9FB2A8D38A000B0F3D2 /* HexagonParameters.swift */; };
		6787F9FE2A8D395E00B0F3D2 /* BadgeBackground.swift in Sources */ = {isa = PBXBuildFile; fileRef = 6787F9FD2A8D395E00B0F3D2 /* BadgeBackground.swift */; };
		67AC7FE32A5FBA4C00A997B7 /* PlacesApp.swift in Sources */ = {isa = PBXBuildFile; fileRef = 67AC7FE22A5FBA4C00A997B7 /* PlacesApp.swift */; };
		67AC7FE52A5FBA4C00A997B7 /* ContentView.swift in Sources */ = {isa = PBXBuildFile; fileRef = 67AC7FE42A5FBA4C00A997B7 /* ContentView.swift */; };
		67AC7FE72A5FBA4E00A997B7 /* Assets.xcassets in Resources */ = {isa = PBXBuildFile; fileRef = 67AC7FE62A5FBA4E00A997B7 /* Assets.xcassets */; };
		67AC7FEA2A5FBA4E00A997B7 /* Preview Assets.xcassets in Resources */ = {isa = PBXBuildFile; fileRef = 67AC7FE92A5FBA4E00A997B7 /* Preview Assets.xcassets */; };
		67AC7FF42A5FBA4E00A997B7 /* PlacesTests.swift in Sources */ = {isa = PBXBuildFile; fileRef = 67AC7FF32A5FBA4E00A997B7 /* PlacesTests.swift */; };
		67AC7FFE2A5FBA4E00A997B7 /* PlacesUITests.swift in Sources */ = {isa = PBXBuildFile; fileRef = 67AC7FFD2A5FBA4E00A997B7 /* PlacesUITests.swift */; };
		67AC80002A5FBA4E00A997B7 /* PlacesUITestsLaunchTests.swift in Sources */ = {isa = PBXBuildFile; fileRef = 67AC7FFF2A5FBA4E00A997B7 /* PlacesUITestsLaunchTests.swift */; };
		67AC800D2A5FBFDF00A997B7 /* CircleImage.swift in Sources */ = {isa = PBXBuildFile; fileRef = 67AC800C2A5FBFDF00A997B7 /* CircleImage.swift */; };
		67AC800F2A605D8500A997B7 /* MapView.swift in Sources */ = {isa = PBXBuildFile; fileRef = 67AC800E2A605D8500A997B7 /* MapView.swift */; };
		67AC80132A60D4B200A997B7 /* landmarkData.json in Resources */ = {isa = PBXBuildFile; fileRef = 67AC80122A60D4B200A997B7 /* landmarkData.json */; };
		67AC80152A60D4D100A997B7 /* Landmark.swift in Sources */ = {isa = PBXBuildFile; fileRef = 67AC80142A60D4D100A997B7 /* Landmark.swift */; };
		67AC80172A60D62600A997B7 /* ModelData.swift in Sources */ = {isa = PBXBuildFile; fileRef = 67AC80162A60D62600A997B7 /* ModelData.swift */; };
		67AC801C2A60DD4A00A997B7 /* LandmarkRow.swift in Sources */ = {isa = PBXBuildFile; fileRef = 67AC801B2A60DD4A00A997B7 /* LandmarkRow.swift */; };
		67AC801E2A60DEEB00A997B7 /* LandmarkList.swift in Sources */ = {isa = PBXBuildFile; fileRef = 67AC801D2A60DEEB00A997B7 /* LandmarkList.swift */; };
		67AC80212A60EC9300A997B7 /* LandmarkDetail.swift in Sources */ = {isa = PBXBuildFile; fileRef = 67AC80202A60EC9300A997B7 /* LandmarkDetail.swift */; };
/* End PBXBuildFile section */

/* Begin PBXContainerItemProxy section */
		67AC7FF02A5FBA4E00A997B7 /* PBXContainerItemProxy */ = {
			isa = PBXContainerItemProxy;
			containerPortal = 67AC7FD72A5FBA4C00A997B7 /* Project object */;
			proxyType = 1;
			remoteGlobalIDString = 67AC7FDE2A5FBA4C00A997B7;
			remoteInfo = Places;
		};
		67AC7FFA2A5FBA4E00A997B7 /* PBXContainerItemProxy */ = {
			isa = PBXContainerItemProxy;
			containerPortal = 67AC7FD72A5FBA4C00A997B7 /* Project object */;
			proxyType = 1;
			remoteGlobalIDString = 67AC7FDE2A5FBA4C00A997B7;
			remoteInfo = Places;
		};
/* End PBXContainerItemProxy section */

/* Begin PBXFileReference section */
		6775BAC22A94516E00F3A9A3 /* BadgeSymbol.swift */ = {isa = PBXFileReference; lastKnownFileType = sourcecode.swift; path = BadgeSymbol.swift; sourceTree = "<group>"; };
		6775BAC42A9452B400F3A9A3 /* RotatedBadgeSymbol.swift */ = {isa = PBXFileReference; lastKnownFileType = sourcecode.swift; path = RotatedBadgeSymbol.swift; sourceTree = "<group>"; };
		6775BAC72A94531500F3A9A3 /* Badge.swift */ = {isa = PBXFileReference; lastKnownFileType = sourcecode.swift; path = Badge.swift; sourceTree = "<group>"; };
		6775BACA2A9560B200F3A9A3 /* hikeData.json */ = {isa = PBXFileReference; fileEncoding = 4; lastKnownFileType = text.json; path = hikeData.json; sourceTree = "<group>"; };
		6775BACC2A9560D700F3A9A3 /* Hike.swift */ = {isa = PBXFileReference; lastKnownFileType = sourcecode.swift; path = Hike.swift; sourceTree = "<group>"; };
		6775BACF2A95623E00F3A9A3 /* GraphCapsule.swift */ = {isa = PBXFileReference; fileEncoding = 4; lastKnownFileType = sourcecode.swift; path = GraphCapsule.swift; sourceTree = "<group>"; };
		6775BAD02A95623E00F3A9A3 /* HikeGraph.swift */ = {isa = PBXFileReference; fileEncoding = 4; lastKnownFileType = sourcecode.swift; path = HikeGraph.swift; sourceTree = "<group>"; };
		6775BAD12A95623E00F3A9A3 /* HikeDetail.swift */ = {isa = PBXFileReference; fileEncoding = 4; lastKnownFileType = sourcecode.swift; path = HikeDetail.swift; sourceTree = "<group>"; };
		6775BAD22A95623E00F3A9A3 /* HikeView.swift */ = {isa = PBXFileReference; fileEncoding = 4; lastKnownFileType = sourcecode.swift; path = HikeView.swift; sourceTree = "<group>"; };
		6787F9F72A8B594F00B0F3D2 /* FavoriteButton.swift */ = {isa = PBXFileReference; lastKnownFileType = sourcecode.swift; path = FavoriteButton.swift; sourceTree = "<group>"; };
		6787F9FB2A8D38A000B0F3D2 /* HexagonParameters.swift */ = {isa = PBXFileReference; lastKnownFileType = sourcecode.swift; path = HexagonParameters.swift; sourceTree = "<group>"; };
		6787F9FD2A8D395E00B0F3D2 /* BadgeBackground.swift */ = {isa = PBXFileReference; lastKnownFileType = sourcecode.swift; path = BadgeBackground.swift; sourceTree = "<group>"; };
		67AC7FDF2A5FBA4C00A997B7 /* Places.app */ = {isa = PBXFileReference; explicitFileType = wrapper.application; includeInIndex = 0; path = Places.app; sourceTree = BUILT_PRODUCTS_DIR; };
		67AC7FE22A5FBA4C00A997B7 /* PlacesApp.swift */ = {isa = PBXFileReference; lastKnownFileType = sourcecode.swift; path = PlacesApp.swift; sourceTree = "<group>"; };
		67AC7FE42A5FBA4C00A997B7 /* ContentView.swift */ = {isa = PBXFileReference; lastKnownFileType = sourcecode.swift; path = ContentView.swift; sourceTree = "<group>"; };
		67AC7FE62A5FBA4E00A997B7 /* Assets.xcassets */ = {isa = PBXFileReference; lastKnownFileType = folder.assetcatalog; path = Assets.xcassets; sourceTree = "<group>"; };
		67AC7FE92A5FBA4E00A997B7 /* Preview Assets.xcassets */ = {isa = PBXFileReference; lastKnownFileType = folder.assetcatalog; path = "Preview Assets.xcassets"; sourceTree = "<group>"; };
		67AC7FEF2A5FBA4E00A997B7 /* PlacesTests.xctest */ = {isa = PBXFileReference; explicitFileType = wrapper.cfbundle; includeInIndex = 0; path = PlacesTests.xctest; sourceTree = BUILT_PRODUCTS_DIR; };
		67AC7FF32A5FBA4E00A997B7 /* PlacesTests.swift */ = {isa = PBXFileReference; lastKnownFileType = sourcecode.swift; path = PlacesTests.swift; sourceTree = "<group>"; };
		67AC7FF92A5FBA4E00A997B7 /* PlacesUITests.xctest */ = {isa = PBXFileReference; explicitFileType = wrapper.cfbundle; includeInIndex = 0; path = PlacesUITests.xctest; sourceTree = BUILT_PRODUCTS_DIR; };
		67AC7FFD2A5FBA4E00A997B7 /* PlacesUITests.swift */ = {isa = PBXFileReference; lastKnownFileType = sourcecode.swift; path = PlacesUITests.swift; sourceTree = "<group>"; };
		67AC7FFF2A5FBA4E00A997B7 /* PlacesUITestsLaunchTests.swift */ = {isa = PBXFileReference; lastKnownFileType = sourcecode.swift; path = PlacesUITestsLaunchTests.swift; sourceTree = "<group>"; };
		67AC800C2A5FBFDF00A997B7 /* CircleImage.swift */ = {isa = PBXFileReference; lastKnownFileType = sourcecode.swift; path = CircleImage.swift; sourceTree = "<group>"; };
		67AC800E2A605D8500A997B7 /* MapView.swift */ = {isa = PBXFileReference; lastKnownFileType = sourcecode.swift; path = MapView.swift; sourceTree = "<group>"; };
		67AC80122A60D4B200A997B7 /* landmarkData.json */ = {isa = PBXFileReference; fileEncoding = 4; lastKnownFileType = text.json; path = landmarkData.json; sourceTree = "<group>"; };
		67AC80142A60D4D100A997B7 /* Landmark.swift */ = {isa = PBXFileReference; lastKnownFileType = sourcecode.swift; path = Landmark.swift; sourceTree = "<group>"; };
		67AC80162A60D62600A997B7 /* ModelData.swift */ = {isa = PBXFileReference; lastKnownFileType = sourcecode.swift; path = ModelData.swift; sourceTree = "<group>"; };
		67AC801B2A60DD4A00A997B7 /* LandmarkRow.swift */ = {isa = PBXFileReference; lastKnownFileType = sourcecode.swift; path = LandmarkRow.swift; sourceTree = "<group>"; };
		67AC801D2A60DEEB00A997B7 /* LandmarkList.swift */ = {isa = PBXFileReference; lastKnownFileType = sourcecode.swift; path = LandmarkList.swift; sourceTree = "<group>"; };
		67AC80202A60EC9300A997B7 /* LandmarkDetail.swift */ = {isa = PBXFileReference; lastKnownFileType = sourcecode.swift; path = LandmarkDetail.swift; sourceTree = "<group>"; };
/* End PBXFileReference section */

/* Begin PBXFrameworksBuildPhase section */
		67AC7FDC2A5FBA4C00A997B7 /* Frameworks */ = {
			isa = PBXFrameworksBuildPhase;
			buildActionMask = 2147483647;
			files = (
			);
			runOnlyForDeploymentPostprocessing = 0;
		};
		67AC7FEC2A5FBA4E00A997B7 /* Frameworks */ = {
			isa = PBXFrameworksBuildPhase;
			buildActionMask = 2147483647;
			files = (
			);
			runOnlyForDeploymentPostprocessing = 0;
		};
		67AC7FF62A5FBA4E00A997B7 /* Frameworks */ = {
			isa = PBXFrameworksBuildPhase;
			buildActionMask = 2147483647;
			files = (
			);
			runOnlyForDeploymentPostprocessing = 0;
		};
/* End PBXFrameworksBuildPhase section */

/* Begin PBXGroup section */
		6775BAC92A9453E200F3A9A3 /* Badges */ = {
			isa = PBXGroup;
			children = (
				6775BAC22A94516E00F3A9A3 /* BadgeSymbol.swift */,
				6775BAC72A94531500F3A9A3 /* Badge.swift */,
				6775BAC42A9452B400F3A9A3 /* RotatedBadgeSymbol.swift */,
				6787F9FD2A8D395E00B0F3D2 /* BadgeBackground.swift */,
				6787F9FB2A8D38A000B0F3D2 /* HexagonParameters.swift */,
			);
			path = Badges;
			sourceTree = "<group>";
		};
		6775BACE2A95623E00F3A9A3 /* Hikes */ = {
			isa = PBXGroup;
			children = (
				6775BACF2A95623E00F3A9A3 /* GraphCapsule.swift */,
				6775BAD02A95623E00F3A9A3 /* HikeGraph.swift */,
				6775BAD12A95623E00F3A9A3 /* HikeDetail.swift */,
				6775BAD22A95623E00F3A9A3 /* HikeView.swift */,
			);
			path = Hikes;
			sourceTree = "<group>";
		};
		6787F9F92A8B5CA800B0F3D2 /* HelperViews */ = {
			isa = PBXGroup;
			children = (
				67AC800E2A605D8500A997B7 /* MapView.swift */,
				6787F9F72A8B594F00B0F3D2 /* FavoriteButton.swift */,
				67AC800C2A5FBFDF00A997B7 /* CircleImage.swift */,
			);
			path = HelperViews;
			sourceTree = "<group>";
		};
		6787F9FA2A8B5CC600B0F3D2 /* LandMarkViews */ = {
			isa = PBXGroup;
			children = (
				67AC801B2A60DD4A00A997B7 /* LandmarkRow.swift */,
				67AC801D2A60DEEB00A997B7 /* LandmarkList.swift */,
				67AC80202A60EC9300A997B7 /* LandmarkDetail.swift */,
			);
			path = LandMarkViews;
			sourceTree = "<group>";
		};
		67AC7FD62A5FBA4C00A997B7 = {
			isa = PBXGroup;
			children = (
				67AC7FE12A5FBA4C00A997B7 /* Places */,
				67AC7FF22A5FBA4E00A997B7 /* PlacesTests */,
				67AC7FFC2A5FBA4E00A997B7 /* PlacesUITests */,
				67AC7FE02A5FBA4C00A997B7 /* Products */,
			);
			sourceTree = "<group>";
		};
		67AC7FE02A5FBA4C00A997B7 /* Products */ = {
			isa = PBXGroup;
			children = (
				67AC7FDF2A5FBA4C00A997B7 /* Places.app */,
				67AC7FEF2A5FBA4E00A997B7 /* PlacesTests.xctest */,
				67AC7FF92A5FBA4E00A997B7 /* PlacesUITests.xctest */,
			);
			name = Products;
			sourceTree = "<group>";
		};
		67AC7FE12A5FBA4C00A997B7 /* Places */ = {
			isa = PBXGroup;
			children = (
				67AC7FE22A5FBA4C00A997B7 /* PlacesApp.swift */,
				67AC80182A60DCAA00A997B7 /* Views */,
				67AC80192A60DCB200A997B7 /* Model */,
				67AC801A2A60DCC100A997B7 /* Resources */,
				67AC7FE62A5FBA4E00A997B7 /* Assets.xcassets */,
				67AC7FE82A5FBA4E00A997B7 /* Preview Content */,
			);
			path = Places;
			sourceTree = "<group>";
		};
		67AC7FE82A5FBA4E00A997B7 /* Preview Content */ = {
			isa = PBXGroup;
			children = (
				67AC7FE92A5FBA4E00A997B7 /* Preview Assets.xcassets */,
			);
			path = "Preview Content";
			sourceTree = "<group>";
		};
		67AC7FF22A5FBA4E00A997B7 /* PlacesTests */ = {
			isa = PBXGroup;
			children = (
				67AC7FF32A5FBA4E00A997B7 /* PlacesTests.swift */,
			);
			path = PlacesTests;
			sourceTree = "<group>";
		};
		67AC7FFC2A5FBA4E00A997B7 /* PlacesUITests */ = {
			isa = PBXGroup;
			children = (
				67AC7FFD2A5FBA4E00A997B7 /* PlacesUITests.swift */,
				67AC7FFF2A5FBA4E00A997B7 /* PlacesUITestsLaunchTests.swift */,
			);
			path = PlacesUITests;
			sourceTree = "<group>";
		};
		67AC80182A60DCAA00A997B7 /* Views */ = {
			isa = PBXGroup;
			children = (
				6775BACE2A95623E00F3A9A3 /* Hikes */,
				6775BAC92A9453E200F3A9A3 /* Badges */,
				67AC7FE42A5FBA4C00A997B7 /* ContentView.swift */,
				6787F9FA2A8B5CC600B0F3D2 /* LandMarkViews */,
				6787F9F92A8B5CA800B0F3D2 /* HelperViews */,
			);
			path = Views;
			sourceTree = "<group>";
		};
		67AC80192A60DCB200A997B7 /* Model */ = {
			isa = PBXGroup;
			children = (
				67AC80142A60D4D100A997B7 /* Landmark.swift */,
				67AC80162A60D62600A997B7 /* ModelData.swift */,
				6775BACC2A9560D700F3A9A3 /* Hike.swift */,
			);
			path = Model;
			sourceTree = "<group>";
		};
		67AC801A2A60DCC100A997B7 /* Resources */ = {
			isa = PBXGroup;
			children = (
				6775BACA2A9560B200F3A9A3 /* hikeData.json */,
				67AC80122A60D4B200A997B7 /* landmarkData.json */,
			);
			path = Resources;
			sourceTree = "<group>";
		};
/* End PBXGroup section */

/* Begin PBXNativeTarget section */
		67AC7FDE2A5FBA4C00A997B7 /* Places */ = {
			isa = PBXNativeTarget;
			buildConfigurationList = 67AC80032A5FBA4E00A997B7 /* Build configuration list for PBXNativeTarget "Places" */;
			buildPhases = (
				67AC7FDB2A5FBA4C00A997B7 /* Sources */,
				67AC7FDC2A5FBA4C00A997B7 /* Frameworks */,
				67AC7FDD2A5FBA4C00A997B7 /* Resources */,
			);
			buildRules = (
			);
			dependencies = (
			);
			name = Places;
			productName = Places;
			productReference = 67AC7FDF2A5FBA4C00A997B7 /* Places.app */;
			productType = "com.apple.product-type.application";
		};
		67AC7FEE2A5FBA4E00A997B7 /* PlacesTests */ = {
			isa = PBXNativeTarget;
			buildConfigurationList = 67AC80062A5FBA4E00A997B7 /* Build configuration list for PBXNativeTarget "PlacesTests" */;
			buildPhases = (
				67AC7FEB2A5FBA4E00A997B7 /* Sources */,
				67AC7FEC2A5FBA4E00A997B7 /* Frameworks */,
				67AC7FED2A5FBA4E00A997B7 /* Resources */,
			);
			buildRules = (
			);
			dependencies = (
				67AC7FF12A5FBA4E00A997B7 /* PBXTargetDependency */,
			);
			name = PlacesTests;
			productName = PlacesTests;
			productReference = 67AC7FEF2A5FBA4E00A997B7 /* PlacesTests.xctest */;
			productType = "com.apple.product-type.bundle.unit-test";
		};
		67AC7FF82A5FBA4E00A997B7 /* PlacesUITests */ = {
			isa = PBXNativeTarget;
			buildConfigurationList = 67AC80092A5FBA4E00A997B7 /* Build configuration list for PBXNativeTarget "PlacesUITests" */;
			buildPhases = (
				67AC7FF52A5FBA4E00A997B7 /* Sources */,
				67AC7FF62A5FBA4E00A997B7 /* Frameworks */,
				67AC7FF72A5FBA4E00A997B7 /* Resources */,
			);
			buildRules = (
			);
			dependencies = (
				67AC7FFB2A5FBA4E00A997B7 /* PBXTargetDependency */,
			);
			name = PlacesUITests;
			productName = PlacesUITests;
			productReference = 67AC7FF92A5FBA4E00A997B7 /* PlacesUITests.xctest */;
			productType = "com.apple.product-type.bundle.ui-testing";
		};
/* End PBXNativeTarget section */

/* Begin PBXProject section */
		67AC7FD72A5FBA4C00A997B7 /* Project object */ = {
			isa = PBXProject;
			attributes = {
				BuildIndependentTargetsInParallel = 1;
				LastSwiftUpdateCheck = 1430;
				LastUpgradeCheck = 1430;
				TargetAttributes = {
					67AC7FDE2A5FBA4C00A997B7 = {
						CreatedOnToolsVersion = 14.3;
					};
					67AC7FEE2A5FBA4E00A997B7 = {
						CreatedOnToolsVersion = 14.3;
						TestTargetID = 67AC7FDE2A5FBA4C00A997B7;
					};
					67AC7FF82A5FBA4E00A997B7 = {
						CreatedOnToolsVersion = 14.3;
						TestTargetID = 67AC7FDE2A5FBA4C00A997B7;
					};
				};
			};
			buildConfigurationList = 67AC7FDA2A5FBA4C00A997B7 /* Build configuration list for PBXProject "Places" */;
			compatibilityVersion = "Xcode 14.0";
			developmentRegion = en;
			hasScannedForEncodings = 0;
			knownRegions = (
				en,
				Base,
			);
			mainGroup = 67AC7FD62A5FBA4C00A997B7;
			productRefGroup = 67AC7FE02A5FBA4C00A997B7 /* Products */;
			projectDirPath = "";
			projectRoot = "";
			targets = (
				67AC7FDE2A5FBA4C00A997B7 /* Places */,
				67AC7FEE2A5FBA4E00A997B7 /* PlacesTests */,
				67AC7FF82A5FBA4E00A997B7 /* PlacesUITests */,
			);
		};
/* End PBXProject section */

/* Begin PBXResourcesBuildPhase section */
		67AC7FDD2A5FBA4C00A997B7 /* Resources */ = {
			isa = PBXResourcesBuildPhase;
			buildActionMask = 2147483647;
			files = (
				6775BACB2A9560B300F3A9A3 /* hikeData.json in Resources */,
				67AC7FEA2A5FBA4E00A997B7 /* Preview Assets.xcassets in Resources */,
				67AC7FE72A5FBA4E00A997B7 /* Assets.xcassets in Resources */,
				67AC80132A60D4B200A997B7 /* landmarkData.json in Resources */,
			);
			runOnlyForDeploymentPostprocessing = 0;
		};
		67AC7FED2A5FBA4E00A997B7 /* Resources */ = {
			isa = PBXResourcesBuildPhase;
			buildActionMask = 2147483647;
			files = (
			);
			runOnlyForDeploymentPostprocessing = 0;
		};
		67AC7FF72A5FBA4E00A997B7 /* Resources */ = {
			isa = PBXResourcesBuildPhase;
			buildActionMask = 2147483647;
			files = (
			);
			runOnlyForDeploymentPostprocessing = 0;
		};
/* End PBXResourcesBuildPhase section */

/* Begin PBXSourcesBuildPhase section */
		67AC7FDB2A5FBA4C00A997B7 /* Sources */ = {
			isa = PBXSourcesBuildPhase;
			buildActionMask = 2147483647;
			files = (
				67AC7FE52A5FBA4C00A997B7 /* ContentView.swift in Sources */,
				6775BAD42A95623E00F3A9A3 /* HikeGraph.swift in Sources */,
				6775BAC82A94531500F3A9A3 /* Badge.swift in Sources */,
				67AC80152A60D4D100A997B7 /* Landmark.swift in Sources */,
				6775BAD32A95623E00F3A9A3 /* GraphCapsule.swift in Sources */,
				67AC800F2A605D8500A997B7 /* MapView.swift in Sources */,
				6787F9F82A8B594F00B0F3D2 /* FavoriteButton.swift in Sources */,
				6775BAD52A95623E00F3A9A3 /* HikeDetail.swift in Sources */,
				6787F9FC2A8D38A000B0F3D2 /* HexagonParameters.swift in Sources */,
				6775BACD2A9560D700F3A9A3 /* Hike.swift in Sources */,
				6775BAC52A9452B400F3A9A3 /* RotatedBadgeSymbol.swift in Sources */,
				6775BAC32A94516E00F3A9A3 /* BadgeSymbol.swift in Sources */,
				67AC801E2A60DEEB00A997B7 /* LandmarkList.swift in Sources */,
				6775BAD62A95623E00F3A9A3 /* HikeView.swift in Sources */,
				67AC80212A60EC9300A997B7 /* LandmarkDetail.swift in Sources */,
				6787F9FE2A8D395E00B0F3D2 /* BadgeBackground.swift in Sources */,
				67AC7FE32A5FBA4C00A997B7 /* PlacesApp.swift in Sources */,
				67AC800D2A5FBFDF00A997B7 /* CircleImage.swift in Sources */,
				67AC801C2A60DD4A00A997B7 /* LandmarkRow.swift in Sources */,
				67AC80172A60D62600A997B7 /* ModelData.swift in Sources */,
			);
			runOnlyForDeploymentPostprocessing = 0;
		};
		67AC7FEB2A5FBA4E00A997B7 /* Sources */ = {
			isa = PBXSourcesBuildPhase;
			buildActionMask = 2147483647;
			files = (
				67AC7FF42A5FBA4E00A997B7 /* PlacesTests.swift in Sources */,
			);
			runOnlyForDeploymentPostprocessing = 0;
		};
		67AC7FF52A5FBA4E00A997B7 /* Sources */ = {
			isa = PBXSourcesBuildPhase;
			buildActionMask = 2147483647;
			files = (
				67AC80002A5FBA4E00A997B7 /* PlacesUITestsLaunchTests.swift in Sources */,
				67AC7FFE2A5FBA4E00A997B7 /* PlacesUITests.swift in Sources */,
			);
			runOnlyForDeploymentPostprocessing = 0;
		};
/* End PBXSourcesBuildPhase section */

/* Begin PBXTargetDependency section */
		67AC7FF12A5FBA4E00A997B7 /* PBXTargetDependency */ = {
			isa = PBXTargetDependency;
			target = 67AC7FDE2A5FBA4C00A997B7 /* Places */;
			targetProxy = 67AC7FF02A5FBA4E00A997B7 /* PBXContainerItemProxy */;
		};
		67AC7FFB2A5FBA4E00A997B7 /* PBXTargetDependency */ = {
			isa = PBXTargetDependency;
			target = 67AC7FDE2A5FBA4C00A997B7 /* Places */;
			targetProxy = 67AC7FFA2A5FBA4E00A997B7 /* PBXContainerItemProxy */;
		};
/* End PBXTargetDependency section */

/* Begin XCBuildConfiguration section */
		67AC80012A5FBA4E00A997B7 /* Debug */ = {
			isa = XCBuildConfiguration;
			buildSettings = {
				ALWAYS_SEARCH_USER_PATHS = NO;
				CLANG_ANALYZER_NONNULL = YES;
				CLANG_ANALYZER_NUMBER_OBJECT_CONVERSION = YES_AGGRESSIVE;
				CLANG_CXX_LANGUAGE_STANDARD = "gnu++20";
				CLANG_ENABLE_MODULES = YES;
				CLANG_ENABLE_OBJC_ARC = YES;
				CLANG_ENABLE_OBJC_WEAK = YES;
				CLANG_WARN_BLOCK_CAPTURE_AUTORELEASING = YES;
				CLANG_WARN_BOOL_CONVERSION = YES;
				CLANG_WARN_COMMA = YES;
				CLANG_WARN_CONSTANT_CONVERSION = YES;
				CLANG_WARN_DEPRECATED_OBJC_IMPLEMENTATIONS = YES;
				CLANG_WARN_DIRECT_OBJC_ISA_USAGE = YES_ERROR;
				CLANG_WARN_DOCUMENTATION_COMMENTS = YES;
				CLANG_WARN_EMPTY_BODY = YES;
				CLANG_WARN_ENUM_CONVERSION = YES;
				CLANG_WARN_INFINITE_RECURSION = YES;
				CLANG_WARN_INT_CONVERSION = YES;
				CLANG_WARN_NON_LITERAL_NULL_CONVERSION = YES;
				CLANG_WARN_OBJC_IMPLICIT_RETAIN_SELF = YES;
				CLANG_WARN_OBJC_LITERAL_CONVERSION = YES;
				CLANG_WARN_OBJC_ROOT_CLASS = YES_ERROR;
				CLANG_WARN_QUOTED_INCLUDE_IN_FRAMEWORK_HEADER = YES;
				CLANG_WARN_RANGE_LOOP_ANALYSIS = YES;
				CLANG_WARN_STRICT_PROTOTYPES = YES;
				CLANG_WARN_SUSPICIOUS_MOVE = YES;
				CLANG_WARN_UNGUARDED_AVAILABILITY = YES_AGGRESSIVE;
				CLANG_WARN_UNREACHABLE_CODE = YES;
				CLANG_WARN__DUPLICATE_METHOD_MATCH = YES;
				COPY_PHASE_STRIP = NO;
				DEBUG_INFORMATION_FORMAT = dwarf;
				ENABLE_STRICT_OBJC_MSGSEND = YES;
				ENABLE_TESTABILITY = YES;
				GCC_C_LANGUAGE_STANDARD = gnu11;
				GCC_DYNAMIC_NO_PIC = NO;
				GCC_NO_COMMON_BLOCKS = YES;
				GCC_OPTIMIZATION_LEVEL = 0;
				GCC_PREPROCESSOR_DEFINITIONS = (
					"DEBUG=1",
					"$(inherited)",
				);
				GCC_WARN_64_TO_32_BIT_CONVERSION = YES;
				GCC_WARN_ABOUT_RETURN_TYPE = YES_ERROR;
				GCC_WARN_UNDECLARED_SELECTOR = YES;
				GCC_WARN_UNINITIALIZED_AUTOS = YES_AGGRESSIVE;
				GCC_WARN_UNUSED_FUNCTION = YES;
				GCC_WARN_UNUSED_VARIABLE = YES;
				IPHONEOS_DEPLOYMENT_TARGET = 16.4;
				MTL_ENABLE_DEBUG_INFO = INCLUDE_SOURCE;
				MTL_FAST_MATH = YES;
				ONLY_ACTIVE_ARCH = YES;
				SDKROOT = iphoneos;
				SWIFT_ACTIVE_COMPILATION_CONDITIONS = DEBUG;
				SWIFT_OPTIMIZATION_LEVEL = "-Onone";
			};
			name = Debug;
		};
		67AC80022A5FBA4E00A997B7 /* Release */ = {
			isa = XCBuildConfiguration;
			buildSettings = {
				ALWAYS_SEARCH_USER_PATHS = NO;
				CLANG_ANALYZER_NONNULL = YES;
				CLANG_ANALYZER_NUMBER_OBJECT_CONVERSION = YES_AGGRESSIVE;
				CLANG_CXX_LANGUAGE_STANDARD = "gnu++20";
				CLANG_ENABLE_MODULES = YES;
				CLANG_ENABLE_OBJC_ARC = YES;
				CLANG_ENABLE_OBJC_WEAK = YES;
				CLANG_WARN_BLOCK_CAPTURE_AUTORELEASING = YES;
				CLANG_WARN_BOOL_CONVERSION = YES;
				CLANG_WARN_COMMA = YES;
				CLANG_WARN_CONSTANT_CONVERSION = YES;
				CLANG_WARN_DEPRECATED_OBJC_IMPLEMENTATIONS = YES;
				CLANG_WARN_DIRECT_OBJC_ISA_USAGE = YES_ERROR;
				CLANG_WARN_DOCUMENTATION_COMMENTS = YES;
				CLANG_WARN_EMPTY_BODY = YES;
				CLANG_WARN_ENUM_CONVERSION = YES;
				CLANG_WARN_INFINITE_RECURSION = YES;
				CLANG_WARN_INT_CONVERSION = YES;
				CLANG_WARN_NON_LITERAL_NULL_CONVERSION = YES;
				CLANG_WARN_OBJC_IMPLICIT_RETAIN_SELF = YES;
				CLANG_WARN_OBJC_LITERAL_CONVERSION = YES;
				CLANG_WARN_OBJC_ROOT_CLASS = YES_ERROR;
				CLANG_WARN_QUOTED_INCLUDE_IN_FRAMEWORK_HEADER = YES;
				CLANG_WARN_RANGE_LOOP_ANALYSIS = YES;
				CLANG_WARN_STRICT_PROTOTYPES = YES;
				CLANG_WARN_SUSPICIOUS_MOVE = YES;
				CLANG_WARN_UNGUARDED_AVAILABILITY = YES_AGGRESSIVE;
				CLANG_WARN_UNREACHABLE_CODE = YES;
				CLANG_WARN__DUPLICATE_METHOD_MATCH = YES;
				COPY_PHASE_STRIP = NO;
				DEBUG_INFORMATION_FORMAT = "dwarf-with-dsym";
				ENABLE_NS_ASSERTIONS = NO;
				ENABLE_STRICT_OBJC_MSGSEND = YES;
				GCC_C_LANGUAGE_STANDARD = gnu11;
				GCC_NO_COMMON_BLOCKS = YES;
				GCC_WARN_64_TO_32_BIT_CONVERSION = YES;
				GCC_WARN_ABOUT_RETURN_TYPE = YES_ERROR;
				GCC_WARN_UNDECLARED_SELECTOR = YES;
				GCC_WARN_UNINITIALIZED_AUTOS = YES_AGGRESSIVE;
				GCC_WARN_UNUSED_FUNCTION = YES;
				GCC_WARN_UNUSED_VARIABLE = YES;
				IPHONEOS_DEPLOYMENT_TARGET = 16.4;
				MTL_ENABLE_DEBUG_INFO = NO;
				MTL_FAST_MATH = YES;
				SDKROOT = iphoneos;
				SWIFT_COMPILATION_MODE = wholemodule;
				SWIFT_OPTIMIZATION_LEVEL = "-O";
				VALIDATE_PRODUCT = YES;
			};
			name = Release;
		};
		67AC80042A5FBA4E00A997B7 /* Debug */ = {
			isa = XCBuildConfiguration;
			buildSettings = {
				ASSETCATALOG_COMPILER_APPICON_NAME = AppIcon;
				ASSETCATALOG_COMPILER_GLOBAL_ACCENT_COLOR_NAME = AccentColor;
				CODE_SIGN_STYLE = Automatic;
				CURRENT_PROJECT_VERSION = 1;
				DEVELOPMENT_ASSET_PATHS = "\"Places/Preview Content\"";
				DEVELOPMENT_TEAM = 36LQ6HAJ6Y;
				ENABLE_PREVIEWS = YES;
				GENERATE_INFOPLIST_FILE = YES;
				INFOPLIST_KEY_UIApplicationSceneManifest_Generation = YES;
				INFOPLIST_KEY_UIApplicationSupportsIndirectInputEvents = YES;
				INFOPLIST_KEY_UILaunchScreen_Generation = YES;
				INFOPLIST_KEY_UISupportedInterfaceOrientations_iPad = "UIInterfaceOrientationPortrait UIInterfaceOrientationPortraitUpsideDown UIInterfaceOrientationLandscapeLeft UIInterfaceOrientationLandscapeRight";
				INFOPLIST_KEY_UISupportedInterfaceOrientations_iPhone = "UIInterfaceOrientationPortrait UIInterfaceOrientationLandscapeLeft UIInterfaceOrientationLandscapeRight";
				LD_RUNPATH_SEARCH_PATHS = (
					"$(inherited)",
					"@executable_path/Frameworks",
				);
				MARKETING_VERSION = 1.0;
				PRODUCT_BUNDLE_IDENTIFIER = JustinKnight.Places;
				PRODUCT_NAME = "$(TARGET_NAME)";
				SWIFT_EMIT_LOC_STRINGS = YES;
				SWIFT_VERSION = 5.0;
				TARGETED_DEVICE_FAMILY = "1,2";
			};
			name = Debug;
		};
		67AC80052A5FBA4E00A997B7 /* Release */ = {
			isa = XCBuildConfiguration;
			buildSettings = {
				ASSETCATALOG_COMPILER_APPICON_NAME = AppIcon;
				ASSETCATALOG_COMPILER_GLOBAL_ACCENT_COLOR_NAME = AccentColor;
				CODE_SIGN_STYLE = Automatic;
				CURRENT_PROJECT_VERSION = 1;
				DEVELOPMENT_ASSET_PATHS = "\"Places/Preview Content\"";
				DEVELOPMENT_TEAM = 36LQ6HAJ6Y;
				ENABLE_PREVIEWS = YES;
				GENERATE_INFOPLIST_FILE = YES;
				INFOPLIST_KEY_UIApplicationSceneManifest_Generation = YES;
				INFOPLIST_KEY_UIApplicationSupportsIndirectInputEvents = YES;
				INFOPLIST_KEY_UILaunchScreen_Generation = YES;
				INFOPLIST_KEY_UISupportedInterfaceOrientations_iPad = "UIInterfaceOrientationPortrait UIInterfaceOrientationPortraitUpsideDown UIInterfaceOrientationLandscapeLeft UIInterfaceOrientationLandscapeRight";
				INFOPLIST_KEY_UISupportedInterfaceOrientations_iPhone = "UIInterfaceOrientationPortrait UIInterfaceOrientationLandscapeLeft UIInterfaceOrientationLandscapeRight";
				LD_RUNPATH_SEARCH_PATHS = (
					"$(inherited)",
					"@executable_path/Frameworks",
				);
				MARKETING_VERSION = 1.0;
				PRODUCT_BUNDLE_IDENTIFIER = JustinKnight.Places;
				PRODUCT_NAME = "$(TARGET_NAME)";
				SWIFT_EMIT_LOC_STRINGS = YES;
				SWIFT_VERSION = 5.0;
				TARGETED_DEVICE_FAMILY = "1,2";
			};
			name = Release;
		};
		67AC80072A5FBA4E00A997B7 /* Debug */ = {
			isa = XCBuildConfiguration;
			buildSettings = {
				ALWAYS_EMBED_SWIFT_STANDARD_LIBRARIES = YES;
				BUNDLE_LOADER = "$(TEST_HOST)";
				CODE_SIGN_STYLE = Automatic;
				CURRENT_PROJECT_VERSION = 1;
				DEVELOPMENT_TEAM = 36LQ6HAJ6Y;
				GENERATE_INFOPLIST_FILE = YES;
				IPHONEOS_DEPLOYMENT_TARGET = 16.4;
				MARKETING_VERSION = 1.0;
				PRODUCT_BUNDLE_IDENTIFIER = JustinKnight.PlacesTests;
				PRODUCT_NAME = "$(TARGET_NAME)";
				SWIFT_EMIT_LOC_STRINGS = NO;
				SWIFT_VERSION = 5.0;
				TARGETED_DEVICE_FAMILY = "1,2";
				TEST_HOST = "$(BUILT_PRODUCTS_DIR)/Places.app/$(BUNDLE_EXECUTABLE_FOLDER_PATH)/Places";
			};
			name = Debug;
		};
		67AC80082A5FBA4E00A997B7 /* Release */ = {
			isa = XCBuildConfiguration;
			buildSettings = {
				ALWAYS_EMBED_SWIFT_STANDARD_LIBRARIES = YES;
				BUNDLE_LOADER = "$(TEST_HOST)";
				CODE_SIGN_STYLE = Automatic;
				CURRENT_PROJECT_VERSION = 1;
				DEVELOPMENT_TEAM = 36LQ6HAJ6Y;
				GENERATE_INFOPLIST_FILE = YES;
				IPHONEOS_DEPLOYMENT_TARGET = 16.4;
				MARKETING_VERSION = 1.0;
				PRODUCT_BUNDLE_IDENTIFIER = JustinKnight.PlacesTests;
				PRODUCT_NAME = "$(TARGET_NAME)";
				SWIFT_EMIT_LOC_STRINGS = NO;
				SWIFT_VERSION = 5.0;
				TARGETED_DEVICE_FAMILY = "1,2";
				TEST_HOST = "$(BUILT_PRODUCTS_DIR)/Places.app/$(BUNDLE_EXECUTABLE_FOLDER_PATH)/Places";
			};
			name = Release;
		};
		67AC800A2A5FBA4E00A997B7 /* Debug */ = {
			isa = XCBuildConfiguration;
			buildSettings = {
				ALWAYS_EMBED_SWIFT_STANDARD_LIBRARIES = YES;
				CODE_SIGN_STYLE = Automatic;
				CURRENT_PROJECT_VERSION = 1;
				DEVELOPMENT_TEAM = 36LQ6HAJ6Y;
				GENERATE_INFOPLIST_FILE = YES;
				MARKETING_VERSION = 1.0;
				PRODUCT_BUNDLE_IDENTIFIER = JustinKnight.PlacesUITests;
				PRODUCT_NAME = "$(TARGET_NAME)";
				SWIFT_EMIT_LOC_STRINGS = NO;
				SWIFT_VERSION = 5.0;
				TARGETED_DEVICE_FAMILY = "1,2";
				TEST_TARGET_NAME = Places;
			};
			name = Debug;
		};
		67AC800B2A5FBA4E00A997B7 /* Release */ = {
			isa = XCBuildConfiguration;
			buildSettings = {
				ALWAYS_EMBED_SWIFT_STANDARD_LIBRARIES = YES;
				CODE_SIGN_STYLE = Automatic;
				CURRENT_PROJECT_VERSION = 1;
				DEVELOPMENT_TEAM = 36LQ6HAJ6Y;
				GENERATE_INFOPLIST_FILE = YES;
				MARKETING_VERSION = 1.0;
				PRODUCT_BUNDLE_IDENTIFIER = JustinKnight.PlacesUITests;
				PRODUCT_NAME = "$(TARGET_NAME)";
				SWIFT_EMIT_LOC_STRINGS = NO;
				SWIFT_VERSION = 5.0;
				TARGETED_DEVICE_FAMILY = "1,2";
				TEST_TARGET_NAME = Places;
			};
			name = Release;
		};
/* End XCBuildConfiguration section */

/* Begin XCConfigurationList section */
		67AC7FDA2A5FBA4C00A997B7 /* Build configuration list for PBXProject "Places" */ = {
			isa = XCConfigurationList;
			buildConfigurations = (
				67AC80012A5FBA4E00A997B7 /* Debug */,
				67AC80022A5FBA4E00A997B7 /* Release */,
			);
			defaultConfigurationIsVisible = 0;
			defaultConfigurationName = Release;
		};
		67AC80032A5FBA4E00A997B7 /* Build configuration list for PBXNativeTarget "Places" */ = {
			isa = XCConfigurationList;
			buildConfigurations = (
				67AC80042A5FBA4E00A997B7 /* Debug */,
				67AC80052A5FBA4E00A997B7 /* Release */,
			);
			defaultConfigurationIsVisible = 0;
			defaultConfigurationName = Release;
		};
		67AC80062A5FBA4E00A997B7 /* Build configuration list for PBXNativeTarget "PlacesTests" */ = {
			isa = XCConfigurationList;
			buildConfigurations = (
				67AC80072A5FBA4E00A997B7 /* Debug */,
				67AC80082A5FBA4E00A997B7 /* Release */,
			);
			defaultConfigurationIsVisible = 0;
			defaultConfigurationName = Release;
		};
		67AC80092A5FBA4E00A997B7 /* Build configuration list for PBXNativeTarget "PlacesUITests" */ = {
			isa = XCConfigurationList;
			buildConfigurations = (
				67AC800A2A5FBA4E00A997B7 /* Debug */,
				67AC800B2A5FBA4E00A997B7 /* Release */,
			);
			defaultConfigurationIsVisible = 0;
			defaultConfigurationName = Release;
		};
/* End XCConfigurationList section */
	};
	rootObject = 67AC7FD72A5FBA4C00A997B7 /* Project object */;
}
